PODS:
  - KKPayment (0.1.0):
    - PromiseKit
    - SnapKit
    - Stripe
  - PromiseKit (6.18.1):
    - PromiseKit/CorePromise (= 6.18.1)
    - PromiseKit/Foundation (= 6.18.1)
    - PromiseKit/UIKit (= 6.18.1)
  - PromiseKit/CorePromise (6.18.1)
  - PromiseKit/Foundation (6.18.1):
    - PromiseKit/CorePromise
  - PromiseKit/UIKit (6.18.1):
    - PromiseKit/CorePromise
  - SnapKit (5.6.0)
  - Stripe (19.4.1)

DEPENDENCIES:
  - KKPayment (from `../`)

SPEC REPOS:
  trunk:
    - PromiseKit
    - SnapKit
    - Stripe

EXTERNAL SOURCES:
  KKPayment:
    :path: "../"

SPEC CHECKSUMS:
  KKPayment: 72d49380fa28cd37f82b4e94e3905265c17e041d
  PromiseKit: 49d70c53d5d20e346beaea4b276b5dd2ab446bb4
  SnapKit: e01d52ebb8ddbc333eefe2132acf85c8227d9c25
  Stripe: 5914399ac5878056b985d56b409cb4bb1e7fc7e8

PODFILE CHECKSUM: 54169ecaf2a51b87d3a012020cb96661ac4a2367

COCOAPODS: 1.11.3
